
Microsoft Visual Studio Solution File, Format Version 12.00
# Visual Studio Version 17
VisualStudioVersion = 17.7.34009.444
MinimumVisualStudioVersion = 10.0.40219.1
Project("{FAE04EC0-301F-11D3-BF4B-00C04F79EFBC}") = "TestInteropCS_net4.8", "TestInteropCS_net4.8\TestInteropCS_net4.8.csproj", "{436DD52D-3E06-4E55-B0D0-D9AFA9981B33}"
EndProject
Global
	GlobalSection(SolutionConfigurationPlatforms) = preSolution
		Debug|Any CPU = Debug|Any CPU
		Release|Any CPU = Release|Any CPU
	EndGlobalSection
	GlobalSection(ProjectConfigurationPlatforms) = postSolution
		{436DD52D-3E06-4E55-B0D0-D9AFA9981B33}.Debug|Any CPU.ActiveCfg = Debug|Any CPU
		{436DD52D-3E06-4E55-B0D0-D9AFA9981B33}.Debug|Any CPU.Build.0 = Debug|Any CPU
		{436DD52D-3E06-4E55-B0D0-D9AFA9981B33}.Release|Any CPU.ActiveCfg = Release|Any CPU
		{436DD52D-3E06-4E55-B0D0-D9AFA9981B33}.Release|Any CPU.Build.0 = Release|Any CPU
	EndGlobalSection
	GlobalSection(SolutionProperties) = preSolution
		HideSolutionNode = FALSE
	EndGlobalSection
	GlobalSection(ExtensibilityGlobals) = postSolution
		SolutionGuid = {F3AB3079-3A11-4922-A4DE-D7AE0AA3B12E}
	EndGlobalSection
EndGlobal
